<Solution>
  <Folder Name="/src/">
    <Project Path="src/RabbitShovelMigration.Console/RabbitShovelMigration.Console.csproj" />
    <Project Path="src/RabbitShovelMigration.Core/RabbitShovelMigration.Core.csproj" />
  </Folder>
  <Folder Name="/tests/">
    <Project Path="tests/RabbitShovelMigration.Tests/RabbitShovelMigration.Tests.csproj" />
  </Folder>
</Solution>
